
Microsoft Visual Studio Solution File, Format Version 12.00
# Visual Studio Version 17
VisualStudioVersion = 17.3.32819.101
MinimumVisualStudioVersion = 10.0.40219.1
Project("{FAE04EC0-301F-11D3-BF4B-00C04F79EFBC}") = "HtmlToPdf.Api", "HtmlToPdf.Api\HtmlToPdf.Api.csproj", "{210DEAAF-CF3A-49B3-A307-992CC96BB928}"
EndProject
Project("{2150E333-8FDC-42A3-9474-1A3956D46DE8}") = "Solution Items", "Solution Items", "{BCC50C92-DCA4-4DC6-8104-8E08C66C30F5}"
	ProjectSection(SolutionItems) = preProject
		.editorconfig = .editorconfig
	EndProjectSection
EndProject
Global
	GlobalSection(SolutionConfigurationPlatforms) = preSolution
		Debug|Any CPU = Debug|Any CPU
		Release|Any CPU = Release|Any CPU
	EndGlobalSection
	GlobalSection(ProjectConfigurationPlatforms) = postSolution
		{210DEAAF-CF3A-49B3-A307-992CC96BB928}.Debug|Any CPU.ActiveCfg = Debug|Any CPU
		{210DEAAF-CF3A-49B3-A307-992CC96BB928}.Debug|Any CPU.Build.0 = Debug|Any CPU
		{210DEAAF-CF3A-49B3-A307-992CC96BB928}.Release|Any CPU.ActiveCfg = Release|Any CPU
		{210DEAAF-CF3A-49B3-A307-992CC96BB928}.Release|Any CPU.Build.0 = Release|Any CPU
	EndGlobalSection
	GlobalSection(SolutionProperties) = preSolution
		HideSolutionNode = FALSE
	EndGlobalSection
	GlobalSection(ExtensibilityGlobals) = postSolution
		SolutionGuid = {D8030742-DD1B-43D5-886C-88655B954B85}
	EndGlobalSection
EndGlobal
